
Microsoft Visual Studio Solution File, Format Version 12.00
# Visual Studio 15
VisualStudioVersion = 15.0.28010.2016
MinimumVisualStudioVersion = 10.0.40219.1
Project("{FAE04EC0-301F-11D3-BF4B-00C04F79EFBC}") = "Gigo.Android", "Gigo\Gigo.Android\Gigo.Android.csproj", "{6C06ACD5-E041-408B-8B20-2B26271CA2EF}"
EndProject
Project("{FAE04EC0-301F-11D3-BF4B-00C04F79EFBC}") = "Gigo.iOS", "Gigo\Gigo.iOS\Gigo.iOS.csproj", "{977E9047-17C4-48FF-AD58-B9AB6A229455}"
EndProject
Project("{FAE04EC0-301F-11D3-BF4B-00C04F79EFBC}") = "Gigo.UWP", "Gigo\Gigo.UWP\Gigo.UWP.csproj", "{2EE223C8-D8B7-44E8-B4B6-5E4D0622C6FE}"
EndProject
Project("{9A19103F-16F7-4668-BE54-9A1E7A4F7556}") = "Gigo", "Gigo\Gigo\Gigo.csproj", "{D4965CC6-7DF2-48AB-96A3-1C882B5F9D77}"
EndProject
Project("{FAE04EC0-301F-11D3-BF4B-00C04F79EFBC}") = "Gigo.Backend", "Gigo.Backend\Gigo.Backend.csproj", "{7BAB6A1D-4F3A-401E-9ACB-BE6F5AB79867}"
EndProject
Project("{FAE04EC0-301F-11D3-BF4B-00C04F79EFBC}") = "Gigo.API", "Gigo.API\Gigo.API.csproj", "{02041DCB-57EE-4BC8-A7B7-B044E2AA6BE5}"
EndProject
Project("{FAE04EC0-301F-11D3-BF4B-00C04F79EFBC}") = "Gigo.Domain", "Gigo.Domain\Gigo.Domain.csproj", "{54C1F4EF-C930-4B38-94A9-10D7657EEA80}"
EndProject
Project("{FAE04EC0-301F-11D3-BF4B-00C04F79EFBC}") = "Gigo.Common", "Gigo.Common\Gigo.Common.csproj", "{8533134B-E8DF-4AFE-B3C6-E0371459F21D}"
EndProject
Global
	GlobalSection(SolutionConfigurationPlatforms) = preSolution
		Ad-Hoc|Any CPU = Ad-Hoc|Any CPU
		Ad-Hoc|ARM = Ad-Hoc|ARM
		Ad-Hoc|iPhone = Ad-Hoc|iPhone
		Ad-Hoc|iPhoneSimulator = Ad-Hoc|iPhoneSimulator
		Ad-Hoc|x64 = Ad-Hoc|x64
		Ad-Hoc|x86 = Ad-Hoc|x86
		AppStore|Any CPU = AppStore|Any CPU
		AppStore|ARM = AppStore|ARM
		AppStore|iPhone = AppStore|iPhone
		AppStore|iPhoneSimulator = AppStore|iPhoneSimulator
		AppStore|x64 = AppStore|x64
		AppStore|x86 = AppStore|x86
		Debug|Any CPU = Debug|Any CPU
		Debug|ARM = Debug|ARM
		Debug|iPhone = Debug|iPhone
		Debug|iPhoneSimulator = Debug|iPhoneSimulator
		Debug|x64 = Debug|x64
		Debug|x86 = Debug|x86
		Release|Any CPU = Release|Any CPU
		Release|ARM = Release|ARM
		Release|iPhone = Release|iPhone
		Release|iPhoneSimulator = Release|iPhoneSimulator
		Release|x64 = Release|x64
		Release|x86 = Release|x86
	EndGlobalSection
	GlobalSection(ProjectConfigurationPlatforms) = postSolution
		{6C06ACD5-E041-408B-8B20-2B26271CA2EF}.Ad-Hoc|Any CPU.ActiveCfg = Release|Any CPU
		{6C06ACD5-E041-408B-8B20-2B26271CA2EF}.Ad-Hoc|Any CPU.Build.0 = Release|Any CPU
		{6C06ACD5-E041-408B-8B20-2B26271CA2EF}.Ad-Hoc|Any CPU.Deploy.0 = Release|Any CPU
		{6C06ACD5-E041-408B-8B20-2B26271CA2EF}.Ad-Hoc|ARM.ActiveCfg = Release|Any CPU
		{6C06ACD5-E041-408B-8B20-2B26271CA2EF}.Ad-Hoc|ARM.Build.0 = Release|Any CPU
		{6C06ACD5-E041-408B-8B20-2B26271CA2EF}.Ad-Hoc|ARM.Deploy.0 = Release|Any CPU
		{6C06ACD5-E041-408B-8B20-2B26271CA2EF}.Ad-Hoc|iPhone.ActiveCfg = Release|Any CPU
		{6C06ACD5-E041-408B-8B20-2B26271CA2EF}.Ad-Hoc|iPhone.Build.0 = Release|Any CPU
		{6C06ACD5-E041-408B-8B20-2B26271CA2EF}.Ad-Hoc|iPhone.Deploy.0 = Release|Any CPU
		{6C06ACD5-E041-408B-8B20-2B26271CA2EF}.Ad-Hoc|iPhoneSimulator.ActiveCfg = Release|Any CPU
		{6C06ACD5-E041-408B-8B20-2B26271CA2EF}.Ad-Hoc|iPhoneSimulator.Build.0 = Release|Any CPU
		{6C06ACD5-E041-408B-8B20-2B26271CA2EF}.Ad-Hoc|iPhoneSimulator.Deploy.0 = Release|Any CPU
		{6C06ACD5-E041-408B-8B20-2B26271CA2EF}.Ad-Hoc|x64.ActiveCfg = Release|Any CPU
		{6C06ACD5-E041-408B-8B20-2B26271CA2EF}.Ad-Hoc|x64.Build.0 = Release|Any CPU
		{6C06ACD5-E041-408B-8B20-2B26271CA2EF}.Ad-Hoc|x64.Deploy.0 = Release|Any CPU
		{6C06ACD5-E041-408B-8B20-2B26271CA2EF}.Ad-Hoc|x86.ActiveCfg = Release|Any CPU
		{6C06ACD5-E041-408B-8B20-2B26271CA2EF}.Ad-Hoc|x86.Build.0 = Release|Any CPU
		{6C06ACD5-E041-408B-8B20-2B26271CA2EF}.Ad-Hoc|x86.Deploy.0 = Release|Any CPU
		{6C06ACD5-E041-408B-8B20-2B26271CA2EF}.AppStore|Any CPU.ActiveCfg = Release|Any CPU
		{6C06ACD5-E041-408B-8B20-2B26271CA2EF}.AppStore|Any CPU.Build.0 = Release|Any CPU
		{6C06ACD5-E041-408B-8B20-2B26271CA2EF}.AppStore|Any CPU.Deploy.0 = Release|Any CPU
		{6C06ACD5-E041-408B-8B20-2B26271CA2EF}.AppStore|ARM.ActiveCfg = Release|Any CPU
		{6C06ACD5-E041-408B-8B20-2B26271CA2EF}.AppStore|ARM.Build.0 = Release|Any CPU
		{6C06ACD5-E041-408B-8B20-2B26271CA2EF}.AppStore|ARM.Deploy.0 = Release|Any CPU
		{6C06ACD5-E041-408B-8B20-2B26271CA2EF}.AppStore|iPhone.ActiveCfg = Release|Any CPU
		{6C06ACD5-E041-408B-8B20-2B26271CA2EF}.AppStore|iPhone.Build.0 = Release|Any CPU
		{6C06ACD5-E041-408B-8B20-2B26271CA2EF}.AppStore|iPhone.Deploy.0 = Release|Any CPU
		{6C06ACD5-E041-408B-8B20-2B26271CA2EF}.AppStore|iPhoneSimulator.ActiveCfg = Release|Any CPU
		{6C06ACD5-E041-408B-8B20-2B26271CA2EF}.AppStore|iPhoneSimulator.Build.0 = Release|Any CPU
		{6C06ACD5-E041-408B-8B20-2B26271CA2EF}.AppStore|iPhoneSimulator.Deploy.0 = Release|Any CPU
		{6C06ACD5-E041-408B-8B20-2B26271CA2EF}.AppStore|x64.ActiveCfg = Release|Any CPU
		{6C06ACD5-E041-408B-8B20-2B26271CA2EF}.AppStore|x64.Build.0 = Release|Any CPU
		{6C06ACD5-E041-408B-8B20-2B26271CA2EF}.AppStore|x64.Deploy.0 = Release|Any CPU
		{6C06ACD5-E041-408B-8B20-2B26271CA2EF}.AppStore|x86.ActiveCfg = Release|Any CPU
		{6C06ACD5-E041-408B-8B20-2B26271CA2EF}.AppStore|x86.Build.0 = Release|Any CPU
		{6C06ACD5-E041-408B-8B20-2B26271CA2EF}.AppStore|x86.Deploy.0 = Release|Any CPU
		{6C06ACD5-E041-408B-8B20-2B26271CA2EF}.Debug|Any CPU.ActiveCfg = Debug|Any CPU
		{6C06ACD5-E041-408B-8B20-2B26271CA2EF}.Debug|Any CPU.Build.0 = Debug|Any CPU
		{6C06ACD5-E041-408B-8B20-2B26271CA2EF}.Debug|Any CPU.Deploy.0 = Debug|Any CPU
		{6C06ACD5-E041-408B-8B20-2B26271CA2EF}.Debug|ARM.ActiveCfg = Debug|Any CPU
		{6C06ACD5-E041-408B-8B20-2B26271CA2EF}.Debug|ARM.Build.0 = Debug|Any CPU
		{6C06ACD5-E041-408B-8B20-2B26271CA2EF}.Debug|ARM.Deploy.0 = Debug|Any CPU
		{6C06ACD5-E041-408B-8B20-2B26271CA2EF}.Debug|iPhone.ActiveCfg = Debug|Any CPU
		{6C06ACD5-E041-408B-8B20-2B26271CA2EF}.Debug|iPhone.Build.0 = Debug|Any CPU
		{6C06ACD5-E041-408B-8B20-2B26271CA2EF}.Debug|iPhone.Deploy.0 = Debug|Any CPU
		{6C06ACD5-E041-408B-8B20-2B26271CA2EF}.Debug|iPhoneSimulator.ActiveCfg = Debug|Any CPU
		{6C06ACD5-E041-408B-8B20-2B26271CA2EF}.Debug|iPhoneSimulator.Build.0 = Debug|Any CPU
		{6C06ACD5-E041-408B-8B20-2B26271CA2EF}.Debug|iPhoneSimulator.Deploy.0 = Debug|Any CPU
		{6C06ACD5-E041-408B-8B20-2B26271CA2EF}.Debug|x64.ActiveCfg = Debug|Any CPU
		{6C06ACD5-E041-408B-8B20-2B26271CA2EF}.Debug|x64.Build.0 = Debug|Any CPU
		{6C06ACD5-E041-408B-8B20-2B26271CA2EF}.Debug|x64.Deploy.0 = Debug|Any CPU
		{6C06ACD5-E041-408B-8B20-2B26271CA2EF}.Debug|x86.ActiveCfg = Debug|Any CPU
		{6C06ACD5-E041-408B-8B20-2B26271CA2EF}.Debug|x86.Build.0 = Debug|Any CPU
		{6C06ACD5-E041-408B-8B20-2B26271CA2EF}.Debug|x86.Deploy.0 = Debug|Any CPU
		{6C06ACD5-E041-408B-8B20-2B26271CA2EF}.Release|Any CPU.ActiveCfg = Release|Any CPU
		{6C06ACD5-E041-408B-8B20-2B26271CA2EF}.Release|Any CPU.Build.0 = Release|Any CPU
		{6C06ACD5-E041-408B-8B20-2B26271CA2EF}.Release|Any CPU.Deploy.0 = Release|Any CPU
		{6C06ACD5-E041-408B-8B20-2B26271CA2EF}.Release|ARM.ActiveCfg = Release|Any CPU
		{6C06ACD5-E041-408B-8B20-2B26271CA2EF}.Release|ARM.Build.0 = Release|Any CPU
		{6C06ACD5-E041-408B-8B20-2B26271CA2EF}.Release|ARM.Deploy.0 = Release|Any CPU
		{6C06ACD5-E041-408B-8B20-2B26271CA2EF}.Release|iPhone.ActiveCfg = Release|Any CPU
		{6C06ACD5-E041-408B-8B20-2B26271CA2EF}.Release|iPhone.Build.0 = Release|Any CPU
		{6C06ACD5-E041-408B-8B20-2B26271CA2EF}.Release|iPhone.Deploy.0 = Release|Any CPU
		{6C06ACD5-E041-408B-8B20-2B26271CA2EF}.Release|iPhoneSimulator.ActiveCfg = Release|Any CPU
		{6C06ACD5-E041-408B-8B20-2B26271CA2EF}.Release|iPhoneSimulator.Build.0 = Release|Any CPU
		{6C06ACD5-E041-408B-8B20-2B26271CA2EF}.Release|iPhoneSimulator.Deploy.0 = Release|Any CPU
		{6C06ACD5-E041-408B-8B20-2B26271CA2EF}.Release|x64.ActiveCfg = Release|Any CPU
		{6C06ACD5-E041-408B-8B20-2B26271CA2EF}.Release|x64.Build.0 = Release|Any CPU
		{6C06ACD5-E041-408B-8B20-2B26271CA2EF}.Release|x64.Deploy.0 = Release|Any CPU
		{6C06ACD5-E041-408B-8B20-2B26271CA2EF}.Release|x86.ActiveCfg = Release|Any CPU
		{6C06ACD5-E041-408B-8B20-2B26271CA2EF}.Release|x86.Build.0 = Release|Any CPU
		{6C06ACD5-E041-408B-8B20-2B26271CA2EF}.Release|x86.Deploy.0 = Release|Any CPU
		{977E9047-17C4-48FF-AD58-B9AB6A229455}.Ad-Hoc|Any CPU.ActiveCfg = Ad-Hoc|iPhone
		{977E9047-17C4-48FF-AD58-B9AB6A229455}.Ad-Hoc|Any CPU.Build.0 = Ad-Hoc|iPhone
		{977E9047-17C4-48FF-AD58-B9AB6A229455}.Ad-Hoc|Any CPU.Deploy.0 = Ad-Hoc|iPhone
		{977E9047-17C4-48FF-AD58-B9AB6A229455}.Ad-Hoc|ARM.ActiveCfg = Ad-Hoc|iPhone
		{977E9047-17C4-48FF-AD58-B9AB6A229455}.Ad-Hoc|ARM.Build.0 = Ad-Hoc|iPhone
		{977E9047-17C4-48FF-AD58-B9AB6A229455}.Ad-Hoc|ARM.Deploy.0 = Ad-Hoc|iPhone
		{977E9047-17C4-48FF-AD58-B9AB6A229455}.Ad-Hoc|iPhone.ActiveCfg = Ad-Hoc|iPhone
		{977E9047-17C4-48FF-AD58-B9AB6A229455}.Ad-Hoc|iPhone.Build.0 = Ad-Hoc|iPhone
		{977E9047-17C4-48FF-AD58-B9AB6A229455}.Ad-Hoc|iPhone.Deploy.0 = Ad-Hoc|iPhone
		{977E9047-17C4-48FF-AD58-B9AB6A229455}.Ad-Hoc|iPhoneSimulator.ActiveCfg = Ad-Hoc|iPhoneSimulator
		{977E9047-17C4-48FF-AD58-B9AB6A229455}.Ad-Hoc|iPhoneSimulator.Build.0 = Ad-Hoc|iPhoneSimulator
		{977E9047-17C4-48FF-AD58-B9AB6A229455}.Ad-Hoc|iPhoneSimulator.Deploy.0 = Ad-Hoc|iPhoneSimulator
		{977E9047-17C4-48FF-AD58-B9AB6A229455}.Ad-Hoc|x64.ActiveCfg = Ad-Hoc|iPhone
		{977E9047-17C4-48FF-AD58-B9AB6A229455}.Ad-Hoc|x64.Build.0 = Ad-Hoc|iPhone
		{977E9047-17C4-48FF-AD58-B9AB6A229455}.Ad-Hoc|x64.Deploy.0 = Ad-Hoc|iPhone
		{977E9047-17C4-48FF-AD58-B9AB6A229455}.Ad-Hoc|x86.ActiveCfg = Ad-Hoc|iPhone
		{977E9047-17C4-48FF-AD58-B9AB6A229455}.Ad-Hoc|x86.Build.0 = Ad-Hoc|iPhone
		{977E9047-17C4-48FF-AD58-B9AB6A229455}.Ad-Hoc|x86.Deploy.0 = Ad-Hoc|iPhone
		{977E9047-17C4-48FF-AD58-B9AB6A229455}.AppStore|Any CPU.ActiveCfg = AppStore|iPhone
		{977E9047-17C4-48FF-AD58-B9AB6A229455}.AppStore|Any CPU.Build.0 = AppStore|iPhone
		{977E9047-17C4-48FF-AD58-B9AB6A229455}.AppStore|Any CPU.Deploy.0 = AppStore|iPhone
		{977E9047-17C4-48FF-AD58-B9AB6A229455}.AppStore|ARM.ActiveCfg = AppStore|iPhone
		{977E9047-17C4-48FF-AD58-B9AB6A229455}.AppStore|ARM.Build.0 = AppStore|iPhone
		{977E9047-17C4-48FF-AD58-B9AB6A229455}.AppStore|ARM.Deploy.0 = AppStore|iPhone
		{977E9047-17C4-48FF-AD58-B9AB6A229455}.AppStore|iPhone.ActiveCfg = AppStore|iPhone
		{977E9047-17C4-48FF-AD58-B9AB6A229455}.AppStore|iPhone.Build.0 = AppStore|iPhone
		{977E9047-17C4-48FF-AD58-B9AB6A229455}.AppStore|iPhone.Deploy.0 = AppStore|iPhone
		{977E9047-17C4-48FF-AD58-B9AB6A229455}.AppStore|iPhoneSimulator.ActiveCfg = AppStore|iPhoneSimulator
		{977E9047-17C4-48FF-AD58-B9AB6A229455}.AppStore|iPhoneSimulator.Build.0 = AppStore|iPhoneSimulator
		{977E9047-17C4-48FF-AD58-B9AB6A229455}.AppStore|iPhoneSimulator.Deploy.0 = AppStore|iPhoneSimulator
		{977E9047-17C4-48FF-AD58-B9AB6A229455}.AppStore|x64.ActiveCfg = AppStore|iPhone
		{977E9047-17C4-48FF-AD58-B9AB6A229455}.AppStore|x64.Build.0 = AppStore|iPhone
		{977E9047-17C4-48FF-AD58-B9AB6A229455}.AppStore|x64.Deploy.0 = AppStore|iPhone
		{977E9047-17C4-48FF-AD58-B9AB6A229455}.AppStore|x86.ActiveCfg = AppStore|iPhone
		{977E9047-17C4-48FF-AD58-B9AB6A229455}.AppStore|x86.Build.0 = AppStore|iPhone
		{977E9047-17C4-48FF-AD58-B9AB6A229455}.AppStore|x86.Deploy.0 = AppStore|iPhone
		{977E9047-17C4-48FF-AD58-B9AB6A229455}.Debug|Any CPU.ActiveCfg = Debug|iPhoneSimulator
		{977E9047-17C4-48FF-AD58-B9AB6A229455}.Debug|Any CPU.Build.0 = Debug|iPhoneSimulator
		{977E9047-17C4-48FF-AD58-B9AB6A229455}.Debug|Any CPU.Deploy.0 = Debug|iPhoneSimulator
		{977E9047-17C4-48FF-AD58-B9AB6A229455}.Debug|ARM.ActiveCfg = Debug|iPhone
		{977E9047-17C4-48FF-AD58-B9AB6A229455}.Debug|ARM.Build.0 = Debug|iPhone
		{977E9047-17C4-48FF-AD58-B9AB6A229455}.Debug|ARM.Deploy.0 = Debug|iPhone
		{977E9047-17C4-48FF-AD58-B9AB6A229455}.Debug|iPhone.ActiveCfg = Debug|iPhone
		{977E9047-17C4-48FF-AD58-B9AB6A229455}.Debug|iPhone.Build.0 = Debug|iPhone
		{977E9047-17C4-48FF-AD58-B9AB6A229455}.Debug|iPhone.Deploy.0 = Debug|iPhone
		{977E9047-17C4-48FF-AD58-B9AB6A229455}.Debug|iPhoneSimulator.ActiveCfg = Debug|iPhoneSimulator
		{977E9047-17C4-48FF-AD58-B9AB6A229455}.Debug|iPhoneSimulator.Build.0 = Debug|iPhoneSimulator
		{977E9047-17C4-48FF-AD58-B9AB6A229455}.Debug|iPhoneSimulator.Deploy.0 = Debug|iPhoneSimulator
		{977E9047-17C4-48FF-AD58-B9AB6A229455}.Debug|x64.ActiveCfg = Debug|iPhone
		{977E9047-17C4-48FF-AD58-B9AB6A229455}.Debug|x64.Build.0 = Debug|iPhone
		{977E9047-17C4-48FF-AD58-B9AB6A229455}.Debug|x64.Deploy.0 = Debug|iPhone
		{977E9047-17C4-48FF-AD58-B9AB6A229455}.Debug|x86.ActiveCfg = Debug|iPhone
		{977E9047-17C4-48FF-AD58-B9AB6A229455}.Debug|x86.Build.0 = Debug|iPhone
		{977E9047-17C4-48FF-AD58-B9AB6A229455}.Debug|x86.Deploy.0 = Debug|iPhone
		{977E9047-17C4-48FF-AD58-B9AB6A229455}.Release|Any CPU.ActiveCfg = Release|iPhone
		{977E9047-17C4-48FF-AD58-B9AB6A229455}.Release|Any CPU.Build.0 = Release|iPhone
		{977E9047-17C4-48FF-AD58-B9AB6A229455}.Release|Any CPU.Deploy.0 = Release|iPhone
		{977E9047-17C4-48FF-AD58-B9AB6A229455}.Release|ARM.ActiveCfg = Release|iPhone
		{977E9047-17C4-48FF-AD58-B9AB6A229455}.Release|ARM.Build.0 = Release|iPhone
		{977E9047-17C4-48FF-AD58-B9AB6A229455}.Release|ARM.Deploy.0 = Release|iPhone
		{977E9047-17C4-48FF-AD58-B9AB6A229455}.Release|iPhone.ActiveCfg = Release|iPhone
		{977E9047-17C4-48FF-AD58-B9AB6A229455}.Release|iPhone.Build.0 = Release|iPhone
		{977E9047-17C4-48FF-AD58-B9AB6A229455}.Release|iPhone.Deploy.0 = Release|iPhone
		{977E9047-17C4-48FF-AD58-B9AB6A229455}.Release|iPhoneSimulator.ActiveCfg = Release|iPhoneSimulator
		{977E9047-17C4-48FF-AD58-B9AB6A229455}.Release|iPhoneSimulator.Build.0 = Release|iPhoneSimulator
		{977E9047-17C4-48FF-AD58-B9AB6A229455}.Release|iPhoneSimulator.Deploy.0 = Release|iPhoneSimulator
		{977E9047-17C4-48FF-AD58-B9AB6A229455}.Release|x64.ActiveCfg = Release|iPhone
		{977E9047-17C4-48FF-AD58-B9AB6A229455}.Release|x64.Build.0 = Release|iPhone
		{977E9047-17C4-48FF-AD58-B9AB6A229455}.Release|x64.Deploy.0 = Release|iPhone
		{977E9047-17C4-48FF-AD58-B9AB6A229455}.Release|x86.ActiveCfg = Release|iPhone
		{977E9047-17C4-48FF-AD58-B9AB6A229455}.Release|x86.Build.0 = Release|iPhone
		{977E9047-17C4-48FF-AD58-B9AB6A229455}.Release|x86.Deploy.0 = Release|iPhone
		{2EE223C8-D8B7-44E8-B4B6-5E4D0622C6FE}.Ad-Hoc|Any CPU.ActiveCfg = Release|x86
		{2EE223C8-D8B7-44E8-B4B6-5E4D0622C6FE}.Ad-Hoc|Any CPU.Build.0 = Release|x86
		{2EE223C8-D8B7-44E8-B4B6-5E4D0622C6FE}.Ad-Hoc|Any CPU.Deploy.0 = Release|x86
		{2EE223C8-D8B7-44E8-B4B6-5E4D0622C6FE}.Ad-Hoc|ARM.ActiveCfg = Release|ARM
		{2EE223C8-D8B7-44E8-B4B6-5E4D0622C6FE}.Ad-Hoc|ARM.Build.0 = Release|ARM
		{2EE223C8-D8B7-44E8-B4B6-5E4D0622C6FE}.Ad-Hoc|ARM.Deploy.0 = Release|ARM
		{2EE223C8-D8B7-44E8-B4B6-5E4D0622C6FE}.Ad-Hoc|iPhone.ActiveCfg = Release|x86
		{2EE223C8-D8B7-44E8-B4B6-5E4D0622C6FE}.Ad-Hoc|iPhone.Build.0 = Release|x86
		{2EE223C8-D8B7-44E8-B4B6-5E4D0622C6FE}.Ad-Hoc|iPhone.Deploy.0 = Release|x86
		{2EE223C8-D8B7-44E8-B4B6-5E4D0622C6FE}.Ad-Hoc|iPhoneSimulator.ActiveCfg = Release|x86
		{2EE223C8-D8B7-44E8-B4B6-5E4D0622C6FE}.Ad-Hoc|iPhoneSimulator.Build.0 = Release|x86
		{2EE223C8-D8B7-44E8-B4B6-5E4D0622C6FE}.Ad-Hoc|iPhoneSimulator.Deploy.0 = Release|x86
		{2EE223C8-D8B7-44E8-B4B6-5E4D0622C6FE}.Ad-Hoc|x64.ActiveCfg = Release|x64
		{2EE223C8-D8B7-44E8-B4B6-5E4D0622C6FE}.Ad-Hoc|x64.Build.0 = Release|x64
		{2EE223C8-D8B7-44E8-B4B6-5E4D0622C6FE}.Ad-Hoc|x64.Deploy.0 = Release|x64
		{2EE223C8-D8B7-44E8-B4B6-5E4D0622C6FE}.Ad-Hoc|x86.ActiveCfg = Release|x86
		{2EE223C8-D8B7-44E8-B4B6-5E4D0622C6FE}.Ad-Hoc|x86.Build.0 = Release|x86
		{2EE223C8-D8B7-44E8-B4B6-5E4D0622C6FE}.Ad-Hoc|x86.Deploy.0 = Release|x86
		{2EE223C8-D8B7-44E8-B4B6-5E4D0622C6FE}.AppStore|Any CPU.ActiveCfg = Release|x86
		{2EE223C8-D8B7-44E8-B4B6-5E4D0622C6FE}.AppStore|Any CPU.Build.0 = Release|x86
		{2EE223C8-D8B7-44E8-B4B6-5E4D0622C6FE}.AppStore|Any CPU.Deploy.0 = Release|x86
		{2EE223C8-D8B7-44E8-B4B6-5E4D0622C6FE}.AppStore|ARM.ActiveCfg = Release|ARM
		{2EE223C8-D8B7-44E8-B4B6-5E4D0622C6FE}.AppStore|ARM.Build.0 = Release|ARM
		{2EE223C8-D8B7-44E8-B4B6-5E4D0622C6FE}.AppStore|ARM.Deploy.0 = Release|ARM
		{2EE223C8-D8B7-44E8-B4B6-5E4D0622C6FE}.AppStore|iPhone.ActiveCfg = Release|x86
		{2EE223C8-D8B7-44E8-B4B6-5E4D0622C6FE}.AppStore|iPhone.Build.0 = Release|x86
		{2EE223C8-D8B7-44E8-B4B6-5E4D0622C6FE}.AppStore|iPhone.Deploy.0 = Release|x86
		{2EE223C8-D8B7-44E8-B4B6-5E4D0622C6FE}.AppStore|iPhoneSimulator.ActiveCfg = Release|x86
		{2EE223C8-D8B7-44E8-B4B6-5E4D0622C6FE}.AppStore|iPhoneSimulator.Build.0 = Release|x86
		{2EE223C8-D8B7-44E8-B4B6-5E4D0622C6FE}.AppStore|iPhoneSimulator.Deploy.0 = Release|x86
		{2EE223C8-D8B7-44E8-B4B6-5E4D0622C6FE}.AppStore|x64.ActiveCfg = Release|x64
		{2EE223C8-D8B7-44E8-B4B6-5E4D0622C6FE}.AppStore|x64.Build.0 = Release|x64
		{2EE223C8-D8B7-44E8-B4B6-5E4D0622C6FE}.AppStore|x64.Deploy.0 = Release|x64
		{2EE223C8-D8B7-44E8-B4B6-5E4D0622C6FE}.AppStore|x86.ActiveCfg = Release|x86
		{2EE223C8-D8B7-44E8-B4B6-5E4D0622C6FE}.AppStore|x86.Build.0 = Release|x86
		{2EE223C8-D8B7-44E8-B4B6-5E4D0622C6FE}.AppStore|x86.Deploy.0 = Release|x86
		{2EE223C8-D8B7-44E8-B4B6-5E4D0622C6FE}.Debug|Any CPU.ActiveCfg = Debug|x86
		{2EE223C8-D8B7-44E8-B4B6-5E4D0622C6FE}.Debug|Any CPU.Build.0 = Debug|x86
		{2EE223C8-D8B7-44E8-B4B6-5E4D0622C6FE}.Debug|Any CPU.Deploy.0 = Debug|x86
		{2EE223C8-D8B7-44E8-B4B6-5E4D0622C6FE}.Debug|ARM.ActiveCfg = Debug|ARM
		{2EE223C8-D8B7-44E8-B4B6-5E4D0622C6FE}.Debug|ARM.Build.0 = Debug|ARM
		{2EE223C8-D8B7-44E8-B4B6-5E4D0622C6FE}.Debug|ARM.Deploy.0 = Debug|ARM
		{2EE223C8-D8B7-44E8-B4B6-5E4D0622C6FE}.Debug|iPhone.ActiveCfg = Debug|x86
		{2EE223C8-D8B7-44E8-B4B6-5E4D0622C6FE}.Debug|iPhone.Build.0 = Debug|x86
		{2EE223C8-D8B7-44E8-B4B6-5E4D0622C6FE}.Debug|iPhone.Deploy.0 = Debug|x86
		{2EE223C8-D8B7-44E8-B4B6-5E4D0622C6FE}.Debug|iPhoneSimulator.ActiveCfg = Debug|x86
		{2EE223C8-D8B7-44E8-B4B6-5E4D0622C6FE}.Debug|iPhoneSimulator.Build.0 = Debug|x86
		{2EE223C8-D8B7-44E8-B4B6-5E4D0622C6FE}.Debug|iPhoneSimulator.Deploy.0 = Debug|x86
		{2EE223C8-D8B7-44E8-B4B6-5E4D0622C6FE}.Debug|x64.ActiveCfg = Debug|x64
		{2EE223C8-D8B7-44E8-B4B6-5E4D0622C6FE}.Debug|x64.Build.0 = Debug|x64
		{2EE223C8-D8B7-44E8-B4B6-5E4D0622C6FE}.Debug|x64.Deploy.0 = Debug|x64
		{2EE223C8-D8B7-44E8-B4B6-5E4D0622C6FE}.Debug|x86.ActiveCfg = Debug|x86
		{2EE223C8-D8B7-44E8-B4B6-5E4D0622C6FE}.Debug|x86.Build.0 = Debug|x86
		{2EE223C8-D8B7-44E8-B4B6-5E4D0622C6FE}.Debug|x86.Deploy.0 = Debug|x86
		{2EE223C8-D8B7-44E8-B4B6-5E4D0622C6FE}.Release|Any CPU.ActiveCfg = Release|x86
		{2EE223C8-D8B7-44E8-B4B6-5E4D0622C6FE}.Release|Any CPU.Build.0 = Release|x86
		{2EE223C8-D8B7-44E8-B4B6-5E4D0622C6FE}.Release|Any CPU.Deploy.0 = Release|x86
		{2EE223C8-D8B7-44E8-B4B6-5E4D0622C6FE}.Release|ARM.ActiveCfg = Release|ARM
		{2EE223C8-D8B7-44E8-B4B6-5E4D0622C6FE}.Release|ARM.Build.0 = Release|ARM
		{2EE223C8-D8B7-44E8-B4B6-5E4D0622C6FE}.Release|ARM.Deploy.0 = Release|ARM
		{2EE223C8-D8B7-44E8-B4B6-5E4D0622C6FE}.Release|iPhone.ActiveCfg = Release|x86
		{2EE223C8-D8B7-44E8-B4B6-5E4D0622C6FE}.Release|iPhone.Build.0 = Release|x86
		{2EE223C8-D8B7-44E8-B4B6-5E4D0622C6FE}.Release|iPhone.Deploy.0 = Release|x86
		{2EE223C8-D8B7-44E8-B4B6-5E4D0622C6FE}.Release|iPhoneSimulator.ActiveCfg = Release|x86
		{2EE223C8-D8B7-44E8-B4B6-5E4D0622C6FE}.Release|iPhoneSimulator.Build.0 = Release|x86
		{2EE223C8-D8B7-44E8-B4B6-5E4D0622C6FE}.Release|iPhoneSimulator.Deploy.0 = Release|x86
		{2EE223C8-D8B7-44E8-B4B6-5E4D0622C6FE}.Release|x64.ActiveCfg = Release|x64
		{2EE223C8-D8B7-44E8-B4B6-5E4D0622C6FE}.Release|x64.Build.0 = Release|x64
		{2EE223C8-D8B7-44E8-B4B6-5E4D0622C6FE}.Release|x64.Deploy.0 = Release|x64
		{2EE223C8-D8B7-44E8-B4B6-5E4D0622C6FE}.Release|x86.ActiveCfg = Release|x86
		{2EE223C8-D8B7-44E8-B4B6-5E4D0622C6FE}.Release|x86.Build.0 = Release|x86
		{2EE223C8-D8B7-44E8-B4B6-5E4D0622C6FE}.Release|x86.Deploy.0 = Release|x86
		{D4965CC6-7DF2-48AB-96A3-1C882B5F9D77}.Ad-Hoc|Any CPU.ActiveCfg = Debug|Any CPU
		{D4965CC6-7DF2-48AB-96A3-1C882B5F9D77}.Ad-Hoc|Any CPU.Build.0 = Debug|Any CPU
		{D4965CC6-7DF2-48AB-96A3-1C882B5F9D77}.Ad-Hoc|Any CPU.Deploy.0 = Debug|Any CPU
		{D4965CC6-7DF2-48AB-96A3-1C882B5F9D77}.Ad-Hoc|ARM.ActiveCfg = Debug|Any CPU
		{D4965CC6-7DF2-48AB-96A3-1C882B5F9D77}.Ad-Hoc|ARM.Build.0 = Debug|Any CPU
		{D4965CC6-7DF2-48AB-96A3-1C882B5F9D77}.Ad-Hoc|ARM.Deploy.0 = Debug|Any CPU
		{D4965CC6-7DF2-48AB-96A3-1C882B5F9D77}.Ad-Hoc|iPhone.ActiveCfg = Debug|Any CPU
		{D4965CC6-7DF2-48AB-96A3-1C882B5F9D77}.Ad-Hoc|iPhone.Build.0 = Debug|Any CPU
		{D4965CC6-7DF2-48AB-96A3-1C882B5F9D77}.Ad-Hoc|iPhone.Deploy.0 = Debug|Any CPU
		{D4965CC6-7DF2-48AB-96A3-1C882B5F9D77}.Ad-Hoc|iPhoneSimulator.ActiveCfg = Debug|Any CPU
		{D4965CC6-7DF2-48AB-96A3-1C882B5F9D77}.Ad-Hoc|iPhoneSimulator.Build.0 = Debug|Any CPU
		{D4965CC6-7DF2-48AB-96A3-1C882B5F9D77}.Ad-Hoc|iPhoneSimulator.Deploy.0 = Debug|Any CPU
		{D4965CC6-7DF2-48AB-96A3-1C882B5F9D77}.Ad-Hoc|x64.ActiveCfg = Debug|Any CPU
		{D4965CC6-7DF2-48AB-96A3-1C882B5F9D77}.Ad-Hoc|x64.Build.0 = Debug|Any CPU
		{D4965CC6-7DF2-48AB-96A3-1C882B5F9D77}.Ad-Hoc|x64.Deploy.0 = Debug|Any CPU
		{D4965CC6-7DF2-48AB-96A3-1C882B5F9D77}.Ad-Hoc|x86.ActiveCfg = Debug|Any CPU
		{D4965CC6-7DF2-48AB-96A3-1C882B5F9D77}.Ad-Hoc|x86.Build.0 = Debug|Any CPU
		{D4965CC6-7DF2-48AB-96A3-1C882B5F9D77}.Ad-Hoc|x86.Deploy.0 = Debug|Any CPU
		{D4965CC6-7DF2-48AB-96A3-1C882B5F9D77}.AppStore|Any CPU.ActiveCfg = Debug|Any CPU
		{D4965CC6-7DF2-48AB-96A3-1C882B5F9D77}.AppStore|Any CPU.Build.0 = Debug|Any CPU
		{D4965CC6-7DF2-48AB-96A3-1C882B5F9D77}.AppStore|Any CPU.Deploy.0 = Debug|Any CPU
		{D4965CC6-7DF2-48AB-96A3-1C882B5F9D77}.AppStore|ARM.ActiveCfg = Debug|Any CPU
		{D4965CC6-7DF2-48AB-96A3-1C882B5F9D77}.AppStore|ARM.Build.0 = Debug|Any CPU
		{D4965CC6-7DF2-48AB-96A3-1C882B5F9D77}.AppStore|ARM.Deploy.0 = Debug|Any CPU
		{D4965CC6-7DF2-48AB-96A3-1C882B5F9D77}.AppStore|iPhone.ActiveCfg = Debug|Any CPU
		{D4965CC6-7DF2-48AB-96A3-1C882B5F9D77}.AppStore|iPhone.Build.0 = Debug|Any CPU
		{D4965CC6-7DF2-48AB-96A3-1C882B5F9D77}.AppStore|iPhone.Deploy.0 = Debug|Any CPU
		{D4965CC6-7DF2-48AB-96A3-1C882B5F9D77}.AppStore|iPhoneSimulator.ActiveCfg = Debug|Any CPU
		{D4965CC6-7DF2-48AB-96A3-1C882B5F9D77}.AppStore|iPhoneSimulator.Build.0 = Debug|Any CPU
		{D4965CC6-7DF2-48AB-96A3-1C882B5F9D77}.AppStore|iPhoneSimulator.Deploy.0 = Debug|Any CPU
		{D4965CC6-7DF2-48AB-96A3-1C882B5F9D77}.AppStore|x64.ActiveCfg = Debug|Any CPU
		{D4965CC6-7DF2-48AB-96A3-1C882B5F9D77}.AppStore|x64.Build.0 = Debug|Any CPU
		{D4965CC6-7DF2-48AB-96A3-1C882B5F9D77}.AppStore|x64.Deploy.0 = Debug|Any CPU
		{D4965CC6-7DF2-48AB-96A3-1C882B5F9D77}.AppStore|x86.ActiveCfg = Debug|Any CPU
		{D4965CC6-7DF2-48AB-96A3-1C882B5F9D77}.AppStore|x86.Build.0 = Debug|Any CPU
		{D4965CC6-7DF2-48AB-96A3-1C882B5F9D77}.AppStore|x86.Deploy.0 = Debug|Any CPU
		{D4965CC6-7DF2-48AB-96A3-1C882B5F9D77}.Debug|Any CPU.ActiveCfg = Debug|Any CPU
		{D4965CC6-7DF2-48AB-96A3-1C882B5F9D77}.Debug|Any CPU.Build.0 = Debug|Any CPU
		{D4965CC6-7DF2-48AB-96A3-1C882B5F9D77}.Debug|Any CPU.Deploy.0 = Debug|Any CPU
		{D4965CC6-7DF2-48AB-96A3-1C882B5F9D77}.Debug|ARM.ActiveCfg = Debug|Any CPU
		{D4965CC6-7DF2-48AB-96A3-1C882B5F9D77}.Debug|ARM.Build.0 = Debug|Any CPU
		{D4965CC6-7DF2-48AB-96A3-1C882B5F9D77}.Debug|ARM.Deploy.0 = Debug|Any CPU
		{D4965CC6-7DF2-48AB-96A3-1C882B5F9D77}.Debug|iPhone.ActiveCfg = Debug|Any CPU
		{D4965CC6-7DF2-48AB-96A3-1C882B5F9D77}.Debug|iPhone.Build.0 = Debug|Any CPU
		{D4965CC6-7DF2-48AB-96A3-1C882B5F9D77}.Debug|iPhone.Deploy.0 = Debug|Any CPU
		{D4965CC6-7DF2-48AB-96A3-1C882B5F9D77}.Debug|iPhoneSimulator.ActiveCfg = Debug|Any CPU
		{D4965CC6-7DF2-48AB-96A3-1C882B5F9D77}.Debug|iPhoneSimulator.Build.0 = Debug|Any CPU
		{D4965CC6-7DF2-48AB-96A3-1C882B5F9D77}.Debug|iPhoneSimulator.Deploy.0 = Debug|Any CPU
		{D4965CC6-7DF2-48AB-96A3-1C882B5F9D77}.Debug|x64.ActiveCfg = Debug|Any CPU
		{D4965CC6-7DF2-48AB-96A3-1C882B5F9D77}.Debug|x64.Build.0 = Debug|Any CPU
		{D4965CC6-7DF2-48AB-96A3-1C882B5F9D77}.Debug|x64.Deploy.0 = Debug|Any CPU
		{D4965CC6-7DF2-48AB-96A3-1C882B5F9D77}.Debug|x86.ActiveCfg = Debug|Any CPU
		{D4965CC6-7DF2-48AB-96A3-1C882B5F9D77}.Debug|x86.Build.0 = Debug|Any CPU
		{D4965CC6-7DF2-48AB-96A3-1C882B5F9D77}.Debug|x86.Deploy.0 = Debug|Any CPU
		{D4965CC6-7DF2-48AB-96A3-1C882B5F9D77}.Release|Any CPU.ActiveCfg = Release|Any CPU
		{D4965CC6-7DF2-48AB-96A3-1C882B5F9D77}.Release|Any CPU.Build.0 = Release|Any CPU
		{D4965CC6-7DF2-48AB-96A3-1C882B5F9D77}.Release|Any CPU.Deploy.0 = Release|Any CPU
		{D4965CC6-7DF2-48AB-96A3-1C882B5F9D77}.Release|ARM.ActiveCfg = Release|Any CPU
		{D4965CC6-7DF2-48AB-96A3-1C882B5F9D77}.Release|ARM.Build.0 = Release|Any CPU
		{D4965CC6-7DF2-48AB-96A3-1C882B5F9D77}.Release|ARM.Deploy.0 = Release|Any CPU
		{D4965CC6-7DF2-48AB-96A3-1C882B5F9D77}.Release|iPhone.ActiveCfg = Release|Any CPU
		{D4965CC6-7DF2-48AB-96A3-1C882B5F9D77}.Release|iPhone.Build.0 = Release|Any CPU
		{D4965CC6-7DF2-48AB-96A3-1C882B5F9D77}.Release|iPhone.Deploy.0 = Release|Any CPU
		{D4965CC6-7DF2-48AB-96A3-1C882B5F9D77}.Release|iPhoneSimulator.ActiveCfg = Release|Any CPU
		{D4965CC6-7DF2-48AB-96A3-1C882B5F9D77}.Release|iPhoneSimulator.Build.0 = Release|Any CPU
		{D4965CC6-7DF2-48AB-96A3-1C882B5F9D77}.Release|iPhoneSimulator.Deploy.0 = Release|Any CPU
		{D4965CC6-7DF2-48AB-96A3-1C882B5F9D77}.Release|x64.ActiveCfg = Release|Any CPU
		{D4965CC6-7DF2-48AB-96A3-1C882B5F9D77}.Release|x64.Build.0 = Release|Any CPU
		{D4965CC6-7DF2-48AB-96A3-1C882B5F9D77}.Release|x64.Deploy.0 = Release|Any CPU
		{D4965CC6-7DF2-48AB-96A3-1C882B5F9D77}.Release|x86.ActiveCfg = Release|Any CPU
		{D4965CC6-7DF2-48AB-96A3-1C882B5F9D77}.Release|x86.Build.0 = Release|Any CPU
		{D4965CC6-7DF2-48AB-96A3-1C882B5F9D77}.Release|x86.Deploy.0 = Release|Any CPU
		{7BAB6A1D-4F3A-401E-9ACB-BE6F5AB79867}.Ad-Hoc|Any CPU.ActiveCfg = Release|Any CPU
		{7BAB6A1D-4F3A-401E-9ACB-BE6F5AB79867}.Ad-Hoc|Any CPU.Build.0 = Release|Any CPU
		{7BAB6A1D-4F3A-401E-9ACB-BE6F5AB79867}.Ad-Hoc|ARM.ActiveCfg = Release|Any CPU
		{7BAB6A1D-4F3A-401E-9ACB-BE6F5AB79867}.Ad-Hoc|ARM.Build.0 = Release|Any CPU
		{7BAB6A1D-4F3A-401E-9ACB-BE6F5AB79867}.Ad-Hoc|iPhone.ActiveCfg = Release|Any CPU
		{7BAB6A1D-4F3A-401E-9ACB-BE6F5AB79867}.Ad-Hoc|iPhone.Build.0 = Release|Any CPU
		{7BAB6A1D-4F3A-401E-9ACB-BE6F5AB79867}.Ad-Hoc|iPhoneSimulator.ActiveCfg = Release|Any CPU
		{7BAB6A1D-4F3A-401E-9ACB-BE6F5AB79867}.Ad-Hoc|iPhoneSimulator.Build.0 = Release|Any CPU
		{7BAB6A1D-4F3A-401E-9ACB-BE6F5AB79867}.Ad-Hoc|x64.ActiveCfg = Release|Any CPU
		{7BAB6A1D-4F3A-401E-9ACB-BE6F5AB79867}.Ad-Hoc|x64.Build.0 = Release|Any CPU
		{7BAB6A1D-4F3A-401E-9ACB-BE6F5AB79867}.Ad-Hoc|x86.ActiveCfg = Release|Any CPU
		{7BAB6A1D-4F3A-401E-9ACB-BE6F5AB79867}.Ad-Hoc|x86.Build.0 = Release|Any CPU
		{7BAB6A1D-4F3A-401E-9ACB-BE6F5AB79867}.AppStore|Any CPU.ActiveCfg = Release|Any CPU
		{7BAB6A1D-4F3A-401E-9ACB-BE6F5AB79867}.AppStore|Any CPU.Build.0 = Release|Any CPU
		{7BAB6A1D-4F3A-401E-9ACB-BE6F5AB79867}.AppStore|ARM.ActiveCfg = Release|Any CPU
		{7BAB6A1D-4F3A-401E-9ACB-BE6F5AB79867}.AppStore|ARM.Build.0 = Release|Any CPU
		{7BAB6A1D-4F3A-401E-9ACB-BE6F5AB79867}.AppStore|iPhone.ActiveCfg = Release|Any CPU
		{7BAB6A1D-4F3A-401E-9ACB-BE6F5AB79867}.AppStore|iPhone.Build.0 = Release|Any CPU
		{7BAB6A1D-4F3A-401E-9ACB-BE6F5AB79867}.AppStore|iPhoneSimulator.ActiveCfg = Release|Any CPU
		{7BAB6A1D-4F3A-401E-9ACB-BE6F5AB79867}.AppStore|iPhoneSimulator.Build.0 = Release|Any CPU
		{7BAB6A1D-4F3A-401E-9ACB-BE6F5AB79867}.AppStore|x64.ActiveCfg = Release|Any CPU
		{7BAB6A1D-4F3A-401E-9ACB-BE6F5AB79867}.AppStore|x64.Build.0 = Release|Any CPU
		{7BAB6A1D-4F3A-401E-9ACB-BE6F5AB79867}.AppStore|x86.ActiveCfg = Release|Any CPU
		{7BAB6A1D-4F3A-401E-9ACB-BE6F5AB79867}.AppStore|x86.Build.0 = Release|Any CPU
		{7BAB6A1D-4F3A-401E-9ACB-BE6F5AB79867}.Debug|Any CPU.ActiveCfg = Debug|Any CPU
		{7BAB6A1D-4F3A-401E-9ACB-BE6F5AB79867}.Debug|Any CPU.Build.0 = Debug|Any CPU
		{7BAB6A1D-4F3A-401E-9ACB-BE6F5AB79867}.Debug|ARM.ActiveCfg = Debug|Any CPU
		{7BAB6A1D-4F3A-401E-9ACB-BE6F5AB79867}.Debug|ARM.Build.0 = Debug|Any CPU
		{7BAB6A1D-4F3A-401E-9ACB-BE6F5AB79867}.Debug|iPhone.ActiveCfg = Debug|Any CPU
		{7BAB6A1D-4F3A-401E-9ACB-BE6F5AB79867}.Debug|iPhone.Build.0 = Debug|Any CPU
		{7BAB6A1D-4F3A-401E-9ACB-BE6F5AB79867}.Debug|iPhoneSimulator.ActiveCfg = Debug|Any CPU
		{7BAB6A1D-4F3A-401E-9ACB-BE6F5AB79867}.Debug|iPhoneSimulator.Build.0 = Debug|Any CPU
		{7BAB6A1D-4F3A-401E-9ACB-BE6F5AB79867}.Debug|x64.ActiveCfg = Debug|Any CPU
		{7BAB6A1D-4F3A-401E-9ACB-BE6F5AB79867}.Debug|x64.Build.0 = Debug|Any CPU
		{7BAB6A1D-4F3A-401E-9ACB-BE6F5AB79867}.Debug|x86.ActiveCfg = Debug|Any CPU
		{7BAB6A1D-4F3A-401E-9ACB-BE6F5AB79867}.Debug|x86.Build.0 = Debug|Any CPU
		{7BAB6A1D-4F3A-401E-9ACB-BE6F5AB79867}.Release|Any CPU.ActiveCfg = Release|Any CPU
		{7BAB6A1D-4F3A-401E-9ACB-BE6F5AB79867}.Release|Any CPU.Build.0 = Release|Any CPU
		{7BAB6A1D-4F3A-401E-9ACB-BE6F5AB79867}.Release|ARM.ActiveCfg = Release|Any CPU
		{7BAB6A1D-4F3A-401E-9ACB-BE6F5AB79867}.Release|ARM.Build.0 = Release|Any CPU
		{7BAB6A1D-4F3A-401E-9ACB-BE6F5AB79867}.Release|iPhone.ActiveCfg = Release|Any CPU
		{7BAB6A1D-4F3A-401E-9ACB-BE6F5AB79867}.Release|iPhone.Build.0 = Release|Any CPU
		{7BAB6A1D-4F3A-401E-9ACB-BE6F5AB79867}.Release|iPhoneSimulator.ActiveCfg = Release|Any CPU
		{7BAB6A1D-4F3A-401E-9ACB-BE6F5AB79867}.Release|iPhoneSimulator.Build.0 = Release|Any CPU
		{7BAB6A1D-4F3A-401E-9ACB-BE6F5AB79867}.Release|x64.ActiveCfg = Release|Any CPU
		{7BAB6A1D-4F3A-401E-9ACB-BE6F5AB79867}.Release|x64.Build.0 = Release|Any CPU
		{7BAB6A1D-4F3A-401E-9ACB-BE6F5AB79867}.Release|x86.ActiveCfg = Release|Any CPU
		{7BAB6A1D-4F3A-401E-9ACB-BE6F5AB79867}.Release|x86.Build.0 = Release|Any CPU
		{02041DCB-57EE-4BC8-A7B7-B044E2AA6BE5}.Ad-Hoc|Any CPU.ActiveCfg = Release|Any CPU
		{02041DCB-57EE-4BC8-A7B7-B044E2AA6BE5}.Ad-Hoc|Any CPU.Build.0 = Release|Any CPU
		{02041DCB-57EE-4BC8-A7B7-B044E2AA6BE5}.Ad-Hoc|ARM.ActiveCfg = Release|Any CPU
		{02041DCB-57EE-4BC8-A7B7-B044E2AA6BE5}.Ad-Hoc|ARM.Build.0 = Release|Any CPU
		{02041DCB-57EE-4BC8-A7B7-B044E2AA6BE5}.Ad-Hoc|iPhone.ActiveCfg = Release|Any CPU
		{02041DCB-57EE-4BC8-A7B7-B044E2AA6BE5}.Ad-Hoc|iPhone.Build.0 = Release|Any CPU
		{02041DCB-57EE-4BC8-A7B7-B044E2AA6BE5}.Ad-Hoc|iPhoneSimulator.ActiveCfg = Release|Any CPU
		{02041DCB-57EE-4BC8-A7B7-B044E2AA6BE5}.Ad-Hoc|iPhoneSimulator.Build.0 = Release|Any CPU
		{02041DCB-57EE-4BC8-A7B7-B044E2AA6BE5}.Ad-Hoc|x64.ActiveCfg = Release|Any CPU
		{02041DCB-57EE-4BC8-A7B7-B044E2AA6BE5}.Ad-Hoc|x64.Build.0 = Release|Any CPU
		{02041DCB-57EE-4BC8-A7B7-B044E2AA6BE5}.Ad-Hoc|x86.ActiveCfg = Release|Any CPU
		{02041DCB-57EE-4BC8-A7B7-B044E2AA6BE5}.Ad-Hoc|x86.Build.0 = Release|Any CPU
		{02041DCB-57EE-4BC8-A7B7-B044E2AA6BE5}.AppStore|Any CPU.ActiveCfg = Release|Any CPU
		{02041DCB-57EE-4BC8-A7B7-B044E2AA6BE5}.AppStore|Any CPU.Build.0 = Release|Any CPU
		{02041DCB-57EE-4BC8-A7B7-B044E2AA6BE5}.AppStore|ARM.ActiveCfg = Release|Any CPU
		{02041DCB-57EE-4BC8-A7B7-B044E2AA6BE5}.AppStore|ARM.Build.0 = Release|Any CPU
		{02041DCB-57EE-4BC8-A7B7-B044E2AA6BE5}.AppStore|iPhone.ActiveCfg = Release|Any CPU
		{02041DCB-57EE-4BC8-A7B7-B044E2AA6BE5}.AppStore|iPhone.Build.0 = Release|Any CPU
		{02041DCB-57EE-4BC8-A7B7-B044E2AA6BE5}.AppStore|iPhoneSimulator.ActiveCfg = Release|Any CPU
		{02041DCB-57EE-4BC8-A7B7-B044E2AA6BE5}.AppStore|iPhoneSimulator.Build.0 = Release|Any CPU
		{02041DCB-57EE-4BC8-A7B7-B044E2AA6BE5}.AppStore|x64.ActiveCfg = Release|Any CPU
		{02041DCB-57EE-4BC8-A7B7-B044E2AA6BE5}.AppStore|x64.Build.0 = Release|Any CPU
		{02041DCB-57EE-4BC8-A7B7-B044E2AA6BE5}.AppStore|x86.ActiveCfg = Release|Any CPU
		{02041DCB-57EE-4BC8-A7B7-B044E2AA6BE5}.AppStore|x86.Build.0 = Release|Any CPU
		{02041DCB-57EE-4BC8-A7B7-B044E2AA6BE5}.Debug|Any CPU.ActiveCfg = Debug|Any CPU
		{02041DCB-57EE-4BC8-A7B7-B044E2AA6BE5}.Debug|Any CPU.Build.0 = Debug|Any CPU
		{02041DCB-57EE-4BC8-A7B7-B044E2AA6BE5}.Debug|ARM.ActiveCfg = Debug|Any CPU
		{02041DCB-57EE-4BC8-A7B7-B044E2AA6BE5}.Debug|ARM.Build.0 = Debug|Any CPU
		{02041DCB-57EE-4BC8-A7B7-B044E2AA6BE5}.Debug|iPhone.ActiveCfg = Debug|Any CPU
		{02041DCB-57EE-4BC8-A7B7-B044E2AA6BE5}.Debug|iPhone.Build.0 = Debug|Any CPU
		{02041DCB-57EE-4BC8-A7B7-B044E2AA6BE5}.Debug|iPhoneSimulator.ActiveCfg = Debug|Any CPU
		{02041DCB-57EE-4BC8-A7B7-B044E2AA6BE5}.Debug|iPhoneSimulator.Build.0 = Debug|Any CPU
		{02041DCB-57EE-4BC8-A7B7-B044E2AA6BE5}.Debug|x64.ActiveCfg = Debug|Any CPU
		{02041DCB-57EE-4BC8-A7B7-B044E2AA6BE5}.Debug|x64.Build.0 = Debug|Any CPU
		{02041DCB-57EE-4BC8-A7B7-B044E2AA6BE5}.Debug|x86.ActiveCfg = Debug|Any CPU
		{02041DCB-57EE-4BC8-A7B7-B044E2AA6BE5}.Debug|x86.Build.0 = Debug|Any CPU
		{02041DCB-57EE-4BC8-A7B7-B044E2AA6BE5}.Release|Any CPU.ActiveCfg = Release|Any CPU
		{02041DCB-57EE-4BC8-A7B7-B044E2AA6BE5}.Release|Any CPU.Build.0 = Release|Any CPU
		{02041DCB-57EE-4BC8-A7B7-B044E2AA6BE5}.Release|ARM.ActiveCfg = Release|Any CPU
		{02041DCB-57EE-4BC8-A7B7-B044E2AA6BE5}.Release|ARM.Build.0 = Release|Any CPU
		{02041DCB-57EE-4BC8-A7B7-B044E2AA6BE5}.Release|iPhone.ActiveCfg = Release|Any CPU
		{02041DCB-57EE-4BC8-A7B7-B044E2AA6BE5}.Release|iPhone.Build.0 = Release|Any CPU
		{02041DCB-57EE-4BC8-A7B7-B044E2AA6BE5}.Release|iPhoneSimulator.ActiveCfg = Release|Any CPU
		{02041DCB-57EE-4BC8-A7B7-B044E2AA6BE5}.Release|iPhoneSimulator.Build.0 = Release|Any CPU
		{02041DCB-57EE-4BC8-A7B7-B044E2AA6BE5}.Release|x64.ActiveCfg = Release|Any CPU
		{02041DCB-57EE-4BC8-A7B7-B044E2AA6BE5}.Release|x64.Build.0 = Release|Any CPU
		{02041DCB-57EE-4BC8-A7B7-B044E2AA6BE5}.Release|x86.ActiveCfg = Release|Any CPU
		{02041DCB-57EE-4BC8-A7B7-B044E2AA6BE5}.Release|x86.Build.0 = Release|Any CPU
		{54C1F4EF-C930-4B38-94A9-10D7657EEA80}.Ad-Hoc|Any CPU.ActiveCfg = Release|Any CPU
		{54C1F4EF-C930-4B38-94A9-10D7657EEA80}.Ad-Hoc|Any CPU.Build.0 = Release|Any CPU
		{54C1F4EF-C930-4B38-94A9-10D7657EEA80}.Ad-Hoc|ARM.ActiveCfg = Release|Any CPU
		{54C1F4EF-C930-4B38-94A9-10D7657EEA80}.Ad-Hoc|ARM.Build.0 = Release|Any CPU
		{54C1F4EF-C930-4B38-94A9-10D7657EEA80}.Ad-Hoc|iPhone.ActiveCfg = Release|Any CPU
		{54C1F4EF-C930-4B38-94A9-10D7657EEA80}.Ad-Hoc|iPhone.Build.0 = Release|Any CPU
		{54C1F4EF-C930-4B38-94A9-10D7657EEA80}.Ad-Hoc|iPhoneSimulator.ActiveCfg = Release|Any CPU
		{54C1F4EF-C930-4B38-94A9-10D7657EEA80}.Ad-Hoc|iPhoneSimulator.Build.0 = Release|Any CPU
		{54C1F4EF-C930-4B38-94A9-10D7657EEA80}.Ad-Hoc|x64.ActiveCfg = Release|Any CPU
		{54C1F4EF-C930-4B38-94A9-10D7657EEA80}.Ad-Hoc|x64.Build.0 = Release|Any CPU
		{54C1F4EF-C930-4B38-94A9-10D7657EEA80}.Ad-Hoc|x86.ActiveCfg = Release|Any CPU
		{54C1F4EF-C930-4B38-94A9-10D7657EEA80}.Ad-Hoc|x86.Build.0 = Release|Any CPU
		{54C1F4EF-C930-4B38-94A9-10D7657EEA80}.AppStore|Any CPU.ActiveCfg = Release|Any CPU
		{54C1F4EF-C930-4B38-94A9-10D7657EEA80}.AppStore|Any CPU.Build.0 = Release|Any CPU
		{54C1F4EF-C930-4B38-94A9-10D7657EEA80}.AppStore|ARM.ActiveCfg = Release|Any CPU
		{54C1F4EF-C930-4B38-94A9-10D7657EEA80}.AppStore|ARM.Build.0 = Release|Any CPU
		{54C1F4EF-C930-4B38-94A9-10D7657EEA80}.AppStore|iPhone.ActiveCfg = Release|Any CPU
		{54C1F4EF-C930-4B38-94A9-10D7657EEA80}.AppStore|iPhone.Build.0 = Release|Any CPU
		{54C1F4EF-C930-4B38-94A9-10D7657EEA80}.AppStore|iPhoneSimulator.ActiveCfg = Release|Any CPU
		{54C1F4EF-C930-4B38-94A9-10D7657EEA80}.AppStore|iPhoneSimulator.Build.0 = Release|Any CPU
		{54C1F4EF-C930-4B38-94A9-10D7657EEA80}.AppStore|x64.ActiveCfg = Release|Any CPU
		{54C1F4EF-C930-4B38-94A9-10D7657EEA80}.AppStore|x64.Build.0 = Release|Any CPU
		{54C1F4EF-C930-4B38-94A9-10D7657EEA80}.AppStore|x86.ActiveCfg = Release|Any CPU
		{54C1F4EF-C930-4B38-94A9-10D7657EEA80}.AppStore|x86.Build.0 = Release|Any CPU
		{54C1F4EF-C930-4B38-94A9-10D7657EEA80}.Debug|Any CPU.ActiveCfg = Debug|Any CPU
		{54C1F4EF-C930-4B38-94A9-10D7657EEA80}.Debug|Any CPU.Build.0 = Debug|Any CPU
		{54C1F4EF-C930-4B38-94A9-10D7657EEA80}.Debug|ARM.ActiveCfg = Debug|Any CPU
		{54C1F4EF-C930-4B38-94A9-10D7657EEA80}.Debug|ARM.Build.0 = Debug|Any CPU
		{54C1F4EF-C930-4B38-94A9-10D7657EEA80}.Debug|iPhone.ActiveCfg = Debug|Any CPU
		{54C1F4EF-C930-4B38-94A9-10D7657EEA80}.Debug|iPhone.Build.0 = Debug|Any CPU
		{54C1F4EF-C930-4B38-94A9-10D7657EEA80}.Debug|iPhoneSimulator.ActiveCfg = Debug|Any CPU
		{54C1F4EF-C930-4B38-94A9-10D7657EEA80}.Debug|iPhoneSimulator.Build.0 = Debug|Any CPU
		{54C1F4EF-C930-4B38-94A9-10D7657EEA80}.Debug|x64.ActiveCfg = Debug|Any CPU
		{54C1F4EF-C930-4B38-94A9-10D7657EEA80}.Debug|x64.Build.0 = Debug|Any CPU
		{54C1F4EF-C930-4B38-94A9-10D7657EEA80}.Debug|x86.ActiveCfg = Debug|Any CPU
		{54C1F4EF-C930-4B38-94A9-10D7657EEA80}.Debug|x86.Build.0 = Debug|Any CPU
		{54C1F4EF-C930-4B38-94A9-10D7657EEA80}.Release|Any CPU.ActiveCfg = Release|Any CPU
		{54C1F4EF-C930-4B38-94A9-10D7657EEA80}.Release|Any CPU.Build.0 = Release|Any CPU
		{54C1F4EF-C930-4B38-94A9-10D7657EEA80}.Release|ARM.ActiveCfg = Release|Any CPU
		{54C1F4EF-C930-4B38-94A9-10D7657EEA80}.Release|ARM.Build.0 = Release|Any CPU
		{54C1F4EF-C930-4B38-94A9-10D7657EEA80}.Release|iPhone.ActiveCfg = Release|Any CPU
		{54C1F4EF-C930-4B38-94A9-10D7657EEA80}.Release|iPhone.Build.0 = Release|Any CPU
		{54C1F4EF-C930-4B38-94A9-10D7657EEA80}.Release|iPhoneSimulator.ActiveCfg = Release|Any CPU
		{54C1F4EF-C930-4B38-94A9-10D7657EEA80}.Release|iPhoneSimulator.Build.0 = Release|Any CPU
		{54C1F4EF-C930-4B38-94A9-10D7657EEA80}.Release|x64.ActiveCfg = Release|Any CPU
		{54C1F4EF-C930-4B38-94A9-10D7657EEA80}.Release|x64.Build.0 = Release|Any CPU
		{54C1F4EF-C930-4B38-94A9-10D7657EEA80}.Release|x86.ActiveCfg = Release|Any CPU
		{54C1F4EF-C930-4B38-94A9-10D7657EEA80}.Release|x86.Build.0 = Release|Any CPU
		{8533134B-E8DF-4AFE-B3C6-E0371459F21D}.Ad-Hoc|Any CPU.ActiveCfg = Release|Any CPU
		{8533134B-E8DF-4AFE-B3C6-E0371459F21D}.Ad-Hoc|Any CPU.Build.0 = Release|Any CPU
		{8533134B-E8DF-4AFE-B3C6-E0371459F21D}.Ad-Hoc|ARM.ActiveCfg = Release|Any CPU
		{8533134B-E8DF-4AFE-B3C6-E0371459F21D}.Ad-Hoc|ARM.Build.0 = Release|Any CPU
		{8533134B-E8DF-4AFE-B3C6-E0371459F21D}.Ad-Hoc|iPhone.ActiveCfg = Release|Any CPU
		{8533134B-E8DF-4AFE-B3C6-E0371459F21D}.Ad-Hoc|iPhone.Build.0 = Release|Any CPU
		{8533134B-E8DF-4AFE-B3C6-E0371459F21D}.Ad-Hoc|iPhoneSimulator.ActiveCfg = Release|Any CPU
		{8533134B-E8DF-4AFE-B3C6-E0371459F21D}.Ad-Hoc|iPhoneSimulator.Build.0 = Release|Any CPU
		{8533134B-E8DF-4AFE-B3C6-E0371459F21D}.Ad-Hoc|x64.ActiveCfg = Release|Any CPU
		{8533134B-E8DF-4AFE-B3C6-E0371459F21D}.Ad-Hoc|x64.Build.0 = Release|Any CPU
		{8533134B-E8DF-4AFE-B3C6-E0371459F21D}.Ad-Hoc|x86.ActiveCfg = Release|Any CPU
		{8533134B-E8DF-4AFE-B3C6-E0371459F21D}.Ad-Hoc|x86.Build.0 = Release|Any CPU
		{8533134B-E8DF-4AFE-B3C6-E0371459F21D}.AppStore|Any CPU.ActiveCfg = Release|Any CPU
		{8533134B-E8DF-4AFE-B3C6-E0371459F21D}.AppStore|Any CPU.Build.0 = Release|Any CPU
		{8533134B-E8DF-4AFE-B3C6-E0371459F21D}.AppStore|ARM.ActiveCfg = Release|Any CPU
		{8533134B-E8DF-4AFE-B3C6-E0371459F21D}.AppStore|ARM.Build.0 = Release|Any CPU
		{8533134B-E8DF-4AFE-B3C6-E0371459F21D}.AppStore|iPhone.ActiveCfg = Release|Any CPU
		{8533134B-E8DF-4AFE-B3C6-E0371459F21D}.AppStore|iPhone.Build.0 = Release|Any CPU
		{8533134B-E8DF-4AFE-B3C6-E0371459F21D}.AppStore|iPhoneSimulator.ActiveCfg = Release|Any CPU
		{8533134B-E8DF-4AFE-B3C6-E0371459F21D}.AppStore|iPhoneSimulator.Build.0 = Release|Any CPU
		{8533134B-E8DF-4AFE-B3C6-E0371459F21D}.AppStore|x64.ActiveCfg = Release|Any CPU
		{8533134B-E8DF-4AFE-B3C6-E0371459F21D}.AppStore|x64.Build.0 = Release|Any CPU
		{8533134B-E8DF-4AFE-B3C6-E0371459F21D}.AppStore|x86.ActiveCfg = Release|Any CPU
		{8533134B-E8DF-4AFE-B3C6-E0371459F21D}.AppStore|x86.Build.0 = Release|Any CPU
		{8533134B-E8DF-4AFE-B3C6-E0371459F21D}.Debug|Any CPU.ActiveCfg = Debug|Any CPU
		{8533134B-E8DF-4AFE-B3C6-E0371459F21D}.Debug|Any CPU.Build.0 = Debug|Any CPU
		{8533134B-E8DF-4AFE-B3C6-E0371459F21D}.Debug|ARM.ActiveCfg = Debug|Any CPU
		{8533134B-E8DF-4AFE-B3C6-E0371459F21D}.Debug|ARM.Build.0 = Debug|Any CPU
		{8533134B-E8DF-4AFE-B3C6-E0371459F21D}.Debug|iPhone.ActiveCfg = Debug|Any CPU
		{8533134B-E8DF-4AFE-B3C6-E0371459F21D}.Debug|iPhone.Build.0 = Debug|Any CPU
		{8533134B-E8DF-4AFE-B3C6-E0371459F21D}.Debug|iPhoneSimulator.ActiveCfg = Debug|Any CPU
		{8533134B-E8DF-4AFE-B3C6-E0371459F21D}.Debug|iPhoneSimulator.Build.0 = Debug|Any CPU
		{8533134B-E8DF-4AFE-B3C6-E0371459F21D}.Debug|x64.ActiveCfg = Debug|Any CPU
		{8533134B-E8DF-4AFE-B3C6-E0371459F21D}.Debug|x64.Build.0 = Debug|Any CPU
		{8533134B-E8DF-4AFE-B3C6-E0371459F21D}.Debug|x86.ActiveCfg = Debug|Any CPU
		{8533134B-E8DF-4AFE-B3C6-E0371459F21D}.Debug|x86.Build.0 = Debug|Any CPU
		{8533134B-E8DF-4AFE-B3C6-E0371459F21D}.Release|Any CPU.ActiveCfg = Release|Any CPU
		{8533134B-E8DF-4AFE-B3C6-E0371459F21D}.Release|Any CPU.Build.0 = Release|Any CPU
		{8533134B-E8DF-4AFE-B3C6-E0371459F21D}.Release|ARM.ActiveCfg = Release|Any CPU
		{8533134B-E8DF-4AFE-B3C6-E0371459F21D}.Release|ARM.Build.0 = Release|Any CPU
		{8533134B-E8DF-4AFE-B3C6-E0371459F21D}.Release|iPhone.ActiveCfg = Release|Any CPU
		{8533134B-E8DF-4AFE-B3C6-E0371459F21D}.Release|iPhone.Build.0 = Release|Any CPU
		{8533134B-E8DF-4AFE-B3C6-E0371459F21D}.Release|iPhoneSimulator.ActiveCfg = Release|Any CPU
		{8533134B-E8DF-4AFE-B3C6-E0371459F21D}.Release|iPhoneSimulator.Build.0 = Release|Any CPU
		{8533134B-E8DF-4AFE-B3C6-E0371459F21D}.Release|x64.ActiveCfg = Release|Any CPU
		{8533134B-E8DF-4AFE-B3C6-E0371459F21D}.Release|x64.Build.0 = Release|Any CPU
		{8533134B-E8DF-4AFE-B3C6-E0371459F21D}.Release|x86.ActiveCfg = Release|Any CPU
		{8533134B-E8DF-4AFE-B3C6-E0371459F21D}.Release|x86.Build.0 = Release|Any CPU
	EndGlobalSection
	GlobalSection(SolutionProperties) = preSolution
		HideSolutionNode = FALSE
	EndGlobalSection
	GlobalSection(ExtensibilityGlobals) = postSolution
		SolutionGuid = {B71FFAE5-E990-415A-9364-A585053877AE}
	EndGlobalSection
EndGlobal
